# This file is generated by running "yarn install" inside your project.
# Manual changes might be lost - proceed with caution!

__metadata:
  version: 8
  cacheKey: 10c0

"@karl-run/prettier-config@npm:^1.0.1":
  version: 1.0.1
  resolution: "@karl-run/prettier-config@npm:1.0.1"
  peerDependencies:
    prettier: "*"
  checksum: 10c0/e35c00122c32f8556df618b3d307df268c1c335b5941d8815466abbb8a62b9534558e48b01127c8dec3279a4fd4715939f2241fc94a78cdbfdf88c44afc958f8
  languageName: node
  linkType: hard

"next-demos@workspace:.":
  version: 0.0.0-use.local
  resolution: "next-demos@workspace:."
  dependencies:
    "@karl-run/prettier-config": "npm:^1.0.1"
    prettier: "npm:^3.4.2"
  languageName: unknown
  linkType: soft

"prettier@npm:^3.4.2":
  version: 3.4.2
  resolution: "prettier@npm:3.4.2"
  bin:
    prettier: bin/prettier.cjs
  checksum: 10c0/99e076a26ed0aba4ebc043880d0f08bbb8c59a4c6641cdee6cdadf2205bdd87aa1d7823f50c3aea41e015e99878d37c58d7b5f0e663bba0ef047f94e36b96446
  languageName: node
  linkType: hard
